
Microsoft Visual Studio Solution File, Format Version 12.00
# Visual Studio 14
VisualStudioVersion = 14.0.25420.1
MinimumVisualStudioVersion = 10.0.40219.1
Project("{FAE04EC0-301F-11D3-BF4B-00C04F79EFBC}") = "ProjectLion.Android", "ProjectLion\ProjectLion.Android\ProjectLion.Android.csproj", "{ECB588FF-D090-417F-87FD-542F5A7258E9}"
EndProject
Project("{FAE04EC0-301F-11D3-BF4B-00C04F79EFBC}") = "ProjectLion", "ProjectLion\ProjectLion\ProjectLion.csproj", "{1C7CD69A-24B9-456A-893E-E4DF5DDA07B9}"
EndProject
Project("{FAE04EC0-301F-11D3-BF4B-00C04F79EFBC}") = "ProjectLion.iOS", "ProjectLion\ProjectLion.iOS\ProjectLion.iOS.csproj", "{66099D96-D9A7-4BC2-BE66-2058AA4308DB}"
EndProject
Global
	GlobalSection(SolutionConfigurationPlatforms) = preSolution
		Ad-Hoc|Any CPU = Ad-Hoc|Any CPU
		Ad-Hoc|ARM = Ad-Hoc|ARM
		Ad-Hoc|iPhone = Ad-Hoc|iPhone
		Ad-Hoc|iPhoneSimulator = Ad-Hoc|iPhoneSimulator
		Ad-Hoc|x64 = Ad-Hoc|x64
		Ad-Hoc|x86 = Ad-Hoc|x86
		AppStore|Any CPU = AppStore|Any CPU
		AppStore|ARM = AppStore|ARM
		AppStore|iPhone = AppStore|iPhone
		AppStore|iPhoneSimulator = AppStore|iPhoneSimulator
		AppStore|x64 = AppStore|x64
		AppStore|x86 = AppStore|x86
		Debug|Any CPU = Debug|Any CPU
		Debug|ARM = Debug|ARM
		Debug|iPhone = Debug|iPhone
		Debug|iPhoneSimulator = Debug|iPhoneSimulator
		Debug|x64 = Debug|x64
		Debug|x86 = Debug|x86
		Release|Any CPU = Release|Any CPU
		Release|ARM = Release|ARM
		Release|iPhone = Release|iPhone
		Release|iPhoneSimulator = Release|iPhoneSimulator
		Release|x64 = Release|x64
		Release|x86 = Release|x86
	EndGlobalSection
	GlobalSection(ProjectConfigurationPlatforms) = postSolution
		{ECB588FF-D090-417F-87FD-542F5A7258E9}.Ad-Hoc|Any CPU.ActiveCfg = Release|Any CPU
		{ECB588FF-D090-417F-87FD-542F5A7258E9}.Ad-Hoc|Any CPU.Build.0 = Release|Any CPU
		{ECB588FF-D090-417F-87FD-542F5A7258E9}.Ad-Hoc|Any CPU.Deploy.0 = Release|Any CPU
		{ECB588FF-D090-417F-87FD-542F5A7258E9}.Ad-Hoc|ARM.ActiveCfg = Release|Any CPU
		{ECB588FF-D090-417F-87FD-542F5A7258E9}.Ad-Hoc|ARM.Build.0 = Release|Any CPU
		{ECB588FF-D090-417F-87FD-542F5A7258E9}.Ad-Hoc|ARM.Deploy.0 = Release|Any CPU
		{ECB588FF-D090-417F-87FD-542F5A7258E9}.Ad-Hoc|iPhone.ActiveCfg = Release|Any CPU
		{ECB588FF-D090-417F-87FD-542F5A7258E9}.Ad-Hoc|iPhone.Build.0 = Release|Any CPU
		{ECB588FF-D090-417F-87FD-542F5A7258E9}.Ad-Hoc|iPhone.Deploy.0 = Release|Any CPU
		{ECB588FF-D090-417F-87FD-542F5A7258E9}.Ad-Hoc|iPhoneSimulator.ActiveCfg = Release|Any CPU
		{ECB588FF-D090-417F-87FD-542F5A7258E9}.Ad-Hoc|iPhoneSimulator.Build.0 = Release|Any CPU
		{ECB588FF-D090-417F-87FD-542F5A7258E9}.Ad-Hoc|iPhoneSimulator.Deploy.0 = Release|Any CPU
		{ECB588FF-D090-417F-87FD-542F5A7258E9}.Ad-Hoc|x64.ActiveCfg = Release|Any CPU
		{ECB588FF-D090-417F-87FD-542F5A7258E9}.Ad-Hoc|x64.Build.0 = Release|Any CPU
		{ECB588FF-D090-417F-87FD-542F5A7258E9}.Ad-Hoc|x64.Deploy.0 = Release|Any CPU
		{ECB588FF-D090-417F-87FD-542F5A7258E9}.Ad-Hoc|x86.ActiveCfg = Release|Any CPU
		{ECB588FF-D090-417F-87FD-542F5A7258E9}.Ad-Hoc|x86.Build.0 = Release|Any CPU
		{ECB588FF-D090-417F-87FD-542F5A7258E9}.Ad-Hoc|x86.Deploy.0 = Release|Any CPU
		{ECB588FF-D090-417F-87FD-542F5A7258E9}.AppStore|Any CPU.ActiveCfg = Release|Any CPU
		{ECB588FF-D090-417F-87FD-542F5A7258E9}.AppStore|Any CPU.Build.0 = Release|Any CPU
		{ECB588FF-D090-417F-87FD-542F5A7258E9}.AppStore|Any CPU.Deploy.0 = Release|Any CPU
		{ECB588FF-D090-417F-87FD-542F5A7258E9}.AppStore|ARM.ActiveCfg = Release|Any CPU
		{ECB588FF-D090-417F-87FD-542F5A7258E9}.AppStore|ARM.Build.0 = Release|Any CPU
		{ECB588FF-D090-417F-87FD-542F5A7258E9}.AppStore|ARM.Deploy.0 = Release|Any CPU
		{ECB588FF-D090-417F-87FD-542F5A7258E9}.AppStore|iPhone.ActiveCfg = Release|Any CPU
		{ECB588FF-D090-417F-87FD-542F5A7258E9}.AppStore|iPhone.Build.0 = Release|Any CPU
		{ECB588FF-D090-417F-87FD-542F5A7258E9}.AppStore|iPhone.Deploy.0 = Release|Any CPU
		{ECB588FF-D090-417F-87FD-542F5A7258E9}.AppStore|iPhoneSimulator.ActiveCfg = Release|Any CPU
		{ECB588FF-D090-417F-87FD-542F5A7258E9}.AppStore|iPhoneSimulator.Build.0 = Release|Any CPU
		{ECB588FF-D090-417F-87FD-542F5A7258E9}.AppStore|iPhoneSimulator.Deploy.0 = Release|Any CPU
		{ECB588FF-D090-417F-87FD-542F5A7258E9}.AppStore|x64.ActiveCfg = Release|Any CPU
		{ECB588FF-D090-417F-87FD-542F5A7258E9}.AppStore|x64.Build.0 = Release|Any CPU
		{ECB588FF-D090-417F-87FD-542F5A7258E9}.AppStore|x64.Deploy.0 = Release|Any CPU
		{ECB588FF-D090-417F-87FD-542F5A7258E9}.AppStore|x86.ActiveCfg = Release|Any CPU
		{ECB588FF-D090-417F-87FD-542F5A7258E9}.AppStore|x86.Build.0 = Release|Any CPU
		{ECB588FF-D090-417F-87FD-542F5A7258E9}.AppStore|x86.Deploy.0 = Release|Any CPU
		{ECB588FF-D090-417F-87FD-542F5A7258E9}.Debug|Any CPU.ActiveCfg = Debug|Any CPU
		{ECB588FF-D090-417F-87FD-542F5A7258E9}.Debug|Any CPU.Build.0 = Debug|Any CPU
		{ECB588FF-D090-417F-87FD-542F5A7258E9}.Debug|Any CPU.Deploy.0 = Debug|Any CPU
		{ECB588FF-D090-417F-87FD-542F5A7258E9}.Debug|ARM.ActiveCfg = Debug|Any CPU
		{ECB588FF-D090-417F-87FD-542F5A7258E9}.Debug|ARM.Build.0 = Debug|Any CPU
		{ECB588FF-D090-417F-87FD-542F5A7258E9}.Debug|ARM.Deploy.0 = Debug|Any CPU
		{ECB588FF-D090-417F-87FD-542F5A7258E9}.Debug|iPhone.ActiveCfg = Debug|Any CPU
		{ECB588FF-D090-417F-87FD-542F5A7258E9}.Debug|iPhone.Build.0 = Debug|Any CPU
		{ECB588FF-D090-417F-87FD-542F5A7258E9}.Debug|iPhone.Deploy.0 = Debug|Any CPU
		{ECB588FF-D090-417F-87FD-542F5A7258E9}.Debug|iPhoneSimulator.ActiveCfg = Debug|Any CPU
		{ECB588FF-D090-417F-87FD-542F5A7258E9}.Debug|iPhoneSimulator.Build.0 = Debug|Any CPU
		{ECB588FF-D090-417F-87FD-542F5A7258E9}.Debug|iPhoneSimulator.Deploy.0 = Debug|Any CPU
		{ECB588FF-D090-417F-87FD-542F5A7258E9}.Debug|x64.ActiveCfg = Debug|Any CPU
		{ECB588FF-D090-417F-87FD-542F5A7258E9}.Debug|x64.Build.0 = Debug|Any CPU
		{ECB588FF-D090-417F-87FD-542F5A7258E9}.Debug|x64.Deploy.0 = Debug|Any CPU
		{ECB588FF-D090-417F-87FD-542F5A7258E9}.Debug|x86.ActiveCfg = Debug|Any CPU
		{ECB588FF-D090-417F-87FD-542F5A7258E9}.Debug|x86.Build.0 = Debug|Any CPU
		{ECB588FF-D090-417F-87FD-542F5A7258E9}.Debug|x86.Deploy.0 = Debug|Any CPU
		{ECB588FF-D090-417F-87FD-542F5A7258E9}.Release|Any CPU.ActiveCfg = Release|Any CPU
		{ECB588FF-D090-417F-87FD-542F5A7258E9}.Release|Any CPU.Build.0 = Release|Any CPU
		{ECB588FF-D090-417F-87FD-542F5A7258E9}.Release|Any CPU.Deploy.0 = Release|Any CPU
		{ECB588FF-D090-417F-87FD-542F5A7258E9}.Release|ARM.ActiveCfg = Release|Any CPU
		{ECB588FF-D090-417F-87FD-542F5A7258E9}.Release|ARM.Build.0 = Release|Any CPU
		{ECB588FF-D090-417F-87FD-542F5A7258E9}.Release|ARM.Deploy.0 = Release|Any CPU
		{ECB588FF-D090-417F-87FD-542F5A7258E9}.Release|iPhone.ActiveCfg = Release|Any CPU
		{ECB588FF-D090-417F-87FD-542F5A7258E9}.Release|iPhone.Build.0 = Release|Any CPU
		{ECB588FF-D090-417F-87FD-542F5A7258E9}.Release|iPhone.Deploy.0 = Release|Any CPU
		{ECB588FF-D090-417F-87FD-542F5A7258E9}.Release|iPhoneSimulator.ActiveCfg = Release|Any CPU
		{ECB588FF-D090-417F-87FD-542F5A7258E9}.Release|iPhoneSimulator.Build.0 = Release|Any CPU
		{ECB588FF-D090-417F-87FD-542F5A7258E9}.Release|iPhoneSimulator.Deploy.0 = Release|Any CPU
		{ECB588FF-D090-417F-87FD-542F5A7258E9}.Release|x64.ActiveCfg = Release|Any CPU
		{ECB588FF-D090-417F-87FD-542F5A7258E9}.Release|x64.Build.0 = Release|Any CPU
		{ECB588FF-D090-417F-87FD-542F5A7258E9}.Release|x64.Deploy.0 = Release|Any CPU
		{ECB588FF-D090-417F-87FD-542F5A7258E9}.Release|x86.ActiveCfg = Release|Any CPU
		{ECB588FF-D090-417F-87FD-542F5A7258E9}.Release|x86.Build.0 = Release|Any CPU
		{ECB588FF-D090-417F-87FD-542F5A7258E9}.Release|x86.Deploy.0 = Release|Any CPU
		{1C7CD69A-24B9-456A-893E-E4DF5DDA07B9}.Ad-Hoc|Any CPU.ActiveCfg = Release|Any CPU
		{1C7CD69A-24B9-456A-893E-E4DF5DDA07B9}.Ad-Hoc|Any CPU.Build.0 = Release|Any CPU
		{1C7CD69A-24B9-456A-893E-E4DF5DDA07B9}.Ad-Hoc|ARM.ActiveCfg = Release|Any CPU
		{1C7CD69A-24B9-456A-893E-E4DF5DDA07B9}.Ad-Hoc|ARM.Build.0 = Release|Any CPU
		{1C7CD69A-24B9-456A-893E-E4DF5DDA07B9}.Ad-Hoc|iPhone.ActiveCfg = Release|Any CPU
		{1C7CD69A-24B9-456A-893E-E4DF5DDA07B9}.Ad-Hoc|iPhone.Build.0 = Release|Any CPU
		{1C7CD69A-24B9-456A-893E-E4DF5DDA07B9}.Ad-Hoc|iPhoneSimulator.ActiveCfg = Release|Any CPU
		{1C7CD69A-24B9-456A-893E-E4DF5DDA07B9}.Ad-Hoc|iPhoneSimulator.Build.0 = Release|Any CPU
		{1C7CD69A-24B9-456A-893E-E4DF5DDA07B9}.Ad-Hoc|x64.ActiveCfg = Release|Any CPU
		{1C7CD69A-24B9-456A-893E-E4DF5DDA07B9}.Ad-Hoc|x64.Build.0 = Release|Any CPU
		{1C7CD69A-24B9-456A-893E-E4DF5DDA07B9}.Ad-Hoc|x86.ActiveCfg = Release|Any CPU
		{1C7CD69A-24B9-456A-893E-E4DF5DDA07B9}.Ad-Hoc|x86.Build.0 = Release|Any CPU
		{1C7CD69A-24B9-456A-893E-E4DF5DDA07B9}.AppStore|Any CPU.ActiveCfg = Release|Any CPU
		{1C7CD69A-24B9-456A-893E-E4DF5DDA07B9}.AppStore|Any CPU.Build.0 = Release|Any CPU
		{1C7CD69A-24B9-456A-893E-E4DF5DDA07B9}.AppStore|ARM.ActiveCfg = Release|Any CPU
		{1C7CD69A-24B9-456A-893E-E4DF5DDA07B9}.AppStore|ARM.Build.0 = Release|Any CPU
		{1C7CD69A-24B9-456A-893E-E4DF5DDA07B9}.AppStore|iPhone.ActiveCfg = Release|Any CPU
		{1C7CD69A-24B9-456A-893E-E4DF5DDA07B9}.AppStore|iPhone.Build.0 = Release|Any CPU
		{1C7CD69A-24B9-456A-893E-E4DF5DDA07B9}.AppStore|iPhoneSimulator.ActiveCfg = Release|Any CPU
		{1C7CD69A-24B9-456A-893E-E4DF5DDA07B9}.AppStore|iPhoneSimulator.Build.0 = Release|Any CPU
		{1C7CD69A-24B9-456A-893E-E4DF5DDA07B9}.AppStore|x64.ActiveCfg = Release|Any CPU
		{1C7CD69A-24B9-456A-893E-E4DF5DDA07B9}.AppStore|x64.Build.0 = Release|Any CPU
		{1C7CD69A-24B9-456A-893E-E4DF5DDA07B9}.AppStore|x86.ActiveCfg = Release|Any CPU
		{1C7CD69A-24B9-456A-893E-E4DF5DDA07B9}.AppStore|x86.Build.0 = Release|Any CPU
		{1C7CD69A-24B9-456A-893E-E4DF5DDA07B9}.Debug|Any CPU.ActiveCfg = Debug|Any CPU
		{1C7CD69A-24B9-456A-893E-E4DF5DDA07B9}.Debug|Any CPU.Build.0 = Debug|Any CPU
		{1C7CD69A-24B9-456A-893E-E4DF5DDA07B9}.Debug|ARM.ActiveCfg = Debug|Any CPU
		{1C7CD69A-24B9-456A-893E-E4DF5DDA07B9}.Debug|ARM.Build.0 = Debug|Any CPU
		{1C7CD69A-24B9-456A-893E-E4DF5DDA07B9}.Debug|iPhone.ActiveCfg = Debug|Any CPU
		{1C7CD69A-24B9-456A-893E-E4DF5DDA07B9}.Debug|iPhone.Build.0 = Debug|Any CPU
		{1C7CD69A-24B9-456A-893E-E4DF5DDA07B9}.Debug|iPhoneSimulator.ActiveCfg = Debug|Any CPU
		{1C7CD69A-24B9-456A-893E-E4DF5DDA07B9}.Debug|iPhoneSimulator.Build.0 = Debug|Any CPU
		{1C7CD69A-24B9-456A-893E-E4DF5DDA07B9}.Debug|x64.ActiveCfg = Debug|Any CPU
		{1C7CD69A-24B9-456A-893E-E4DF5DDA07B9}.Debug|x64.Build.0 = Debug|Any CPU
		{1C7CD69A-24B9-456A-893E-E4DF5DDA07B9}.Debug|x86.ActiveCfg = Debug|Any CPU
		{1C7CD69A-24B9-456A-893E-E4DF5DDA07B9}.Debug|x86.Build.0 = Debug|Any CPU
		{1C7CD69A-24B9-456A-893E-E4DF5DDA07B9}.Release|Any CPU.ActiveCfg = Release|Any CPU
		{1C7CD69A-24B9-456A-893E-E4DF5DDA07B9}.Release|Any CPU.Build.0 = Release|Any CPU
		{1C7CD69A-24B9-456A-893E-E4DF5DDA07B9}.Release|ARM.ActiveCfg = Release|Any CPU
		{1C7CD69A-24B9-456A-893E-E4DF5DDA07B9}.Release|ARM.Build.0 = Release|Any CPU
		{1C7CD69A-24B9-456A-893E-E4DF5DDA07B9}.Release|iPhone.ActiveCfg = Release|Any CPU
		{1C7CD69A-24B9-456A-893E-E4DF5DDA07B9}.Release|iPhone.Build.0 = Release|Any CPU
		{1C7CD69A-24B9-456A-893E-E4DF5DDA07B9}.Release|iPhoneSimulator.ActiveCfg = Release|Any CPU
		{1C7CD69A-24B9-456A-893E-E4DF5DDA07B9}.Release|iPhoneSimulator.Build.0 = Release|Any CPU
		{1C7CD69A-24B9-456A-893E-E4DF5DDA07B9}.Release|x64.ActiveCfg = Release|Any CPU
		{1C7CD69A-24B9-456A-893E-E4DF5DDA07B9}.Release|x64.Build.0 = Release|Any CPU
		{1C7CD69A-24B9-456A-893E-E4DF5DDA07B9}.Release|x86.ActiveCfg = Release|Any CPU
		{1C7CD69A-24B9-456A-893E-E4DF5DDA07B9}.Release|x86.Build.0 = Release|Any CPU
		{66099D96-D9A7-4BC2-BE66-2058AA4308DB}.Ad-Hoc|Any CPU.ActiveCfg = Ad-Hoc|iPhone
		{66099D96-D9A7-4BC2-BE66-2058AA4308DB}.Ad-Hoc|ARM.ActiveCfg = Ad-Hoc|iPhone
		{66099D96-D9A7-4BC2-BE66-2058AA4308DB}.Ad-Hoc|iPhone.ActiveCfg = Ad-Hoc|iPhone
		{66099D96-D9A7-4BC2-BE66-2058AA4308DB}.Ad-Hoc|iPhone.Build.0 = Ad-Hoc|iPhone
		{66099D96-D9A7-4BC2-BE66-2058AA4308DB}.Ad-Hoc|iPhoneSimulator.ActiveCfg = Ad-Hoc|iPhoneSimulator
		{66099D96-D9A7-4BC2-BE66-2058AA4308DB}.Ad-Hoc|iPhoneSimulator.Build.0 = Ad-Hoc|iPhoneSimulator
		{66099D96-D9A7-4BC2-BE66-2058AA4308DB}.Ad-Hoc|x64.ActiveCfg = Ad-Hoc|iPhone
		{66099D96-D9A7-4BC2-BE66-2058AA4308DB}.Ad-Hoc|x86.ActiveCfg = Ad-Hoc|iPhone
		{66099D96-D9A7-4BC2-BE66-2058AA4308DB}.AppStore|Any CPU.ActiveCfg = AppStore|iPhone
		{66099D96-D9A7-4BC2-BE66-2058AA4308DB}.AppStore|ARM.ActiveCfg = AppStore|iPhone
		{66099D96-D9A7-4BC2-BE66-2058AA4308DB}.AppStore|iPhone.ActiveCfg = AppStore|iPhone
		{66099D96-D9A7-4BC2-BE66-2058AA4308DB}.AppStore|iPhone.Build.0 = AppStore|iPhone
		{66099D96-D9A7-4BC2-BE66-2058AA4308DB}.AppStore|iPhoneSimulator.ActiveCfg = AppStore|iPhoneSimulator
		{66099D96-D9A7-4BC2-BE66-2058AA4308DB}.AppStore|iPhoneSimulator.Build.0 = AppStore|iPhoneSimulator
		{66099D96-D9A7-4BC2-BE66-2058AA4308DB}.AppStore|x64.ActiveCfg = AppStore|iPhone
		{66099D96-D9A7-4BC2-BE66-2058AA4308DB}.AppStore|x86.ActiveCfg = AppStore|iPhone
		{66099D96-D9A7-4BC2-BE66-2058AA4308DB}.Debug|Any CPU.ActiveCfg = Debug|iPhone
		{66099D96-D9A7-4BC2-BE66-2058AA4308DB}.Debug|ARM.ActiveCfg = Debug|iPhone
		{66099D96-D9A7-4BC2-BE66-2058AA4308DB}.Debug|iPhone.ActiveCfg = Debug|iPhone
		{66099D96-D9A7-4BC2-BE66-2058AA4308DB}.Debug|iPhone.Build.0 = Debug|iPhone
		{66099D96-D9A7-4BC2-BE66-2058AA4308DB}.Debug|iPhoneSimulator.ActiveCfg = Debug|iPhoneSimulator
		{66099D96-D9A7-4BC2-BE66-2058AA4308DB}.Debug|iPhoneSimulator.Build.0 = Debug|iPhoneSimulator
		{66099D96-D9A7-4BC2-BE66-2058AA4308DB}.Debug|x64.ActiveCfg = Debug|iPhone
		{66099D96-D9A7-4BC2-BE66-2058AA4308DB}.Debug|x86.ActiveCfg = Debug|iPhone
		{66099D96-D9A7-4BC2-BE66-2058AA4308DB}.Release|Any CPU.ActiveCfg = Release|iPhone
		{66099D96-D9A7-4BC2-BE66-2058AA4308DB}.Release|ARM.ActiveCfg = Release|iPhone
		{66099D96-D9A7-4BC2-BE66-2058AA4308DB}.Release|iPhone.ActiveCfg = Release|iPhone
		{66099D96-D9A7-4BC2-BE66-2058AA4308DB}.Release|iPhone.Build.0 = Release|iPhone
		{66099D96-D9A7-4BC2-BE66-2058AA4308DB}.Release|iPhoneSimulator.ActiveCfg = Release|iPhoneSimulator
		{66099D96-D9A7-4BC2-BE66-2058AA4308DB}.Release|iPhoneSimulator.Build.0 = Release|iPhoneSimulator
		{66099D96-D9A7-4BC2-BE66-2058AA4308DB}.Release|x64.ActiveCfg = Release|iPhone
		{66099D96-D9A7-4BC2-BE66-2058AA4308DB}.Release|x86.ActiveCfg = Release|iPhone
		{66099D96-D9A7-4BC2-BE66-2058AA4308DB}.Debug|Any CPU.Build.0 = Debug|iPhone
	EndGlobalSection
	GlobalSection(SolutionProperties) = preSolution
		HideSolutionNode = FALSE
	EndGlobalSection
	GlobalSection(MonoDevelopProperties) = preSolution
		Policies = $0
		$0.DotNetNamingPolicy = $1
		$1.DirectoryNamespaceAssociation = PrefixedHierarchical
	EndGlobalSection
EndGlobal
